
Microsoft Visual Studio Solution File, Format Version 12.00
# Visual Studio Version 17
VisualStudioVersion = 17.4.33205.214
MinimumVisualStudioVersion = 10.0.40219.1
Project("{FAE04EC0-301F-11D3-BF4B-00C04F79EFBC}") = "WebApp", "WebApp\WebApp.csproj", "{23BABF01-CDB6-4D4D-8E18-214820D58575}"
EndProject
Global
	GlobalSection(SolutionConfigurationPlatforms) = preSolution
		Debug|Any CPU = Debug|Any CPU
		Release|Any CPU = Release|Any CPU
	EndGlobalSection
	GlobalSection(ProjectConfigurationPlatforms) = postSolution
		{23BABF01-CDB6-4D4D-8E18-214820D58575}.Debug|Any CPU.ActiveCfg = Debug|Any CPU
		{23BABF01-CDB6-4D4D-8E18-214820D58575}.Debug|Any CPU.Build.0 = Debug|Any CPU
		{23BABF01-CDB6-4D4D-8E18-214820D58575}.Release|Any CPU.ActiveCfg = Release|Any CPU
		{23BABF01-CDB6-4D4D-8E18-214820D58575}.Release|Any CPU.Build.0 = Release|Any CPU
	EndGlobalSection
	GlobalSection(SolutionProperties) = preSolution
		HideSolutionNode = FALSE
	EndGlobalSection
	GlobalSection(ExtensibilityGlobals) = postSolution
		SolutionGuid = {B776D74A-60A7-44D3-B550-057EC85C2EDF}
	EndGlobalSection
EndGlobal
